// !$*UTF8*$!
{
	archiveVersion = 1;
	classes = {
	};
	objectVersion = 55;
	objects = {

/* Begin PBXBuildFile section */
		537A5C5E284C9CBD00185162 /* landmarkData.json in Resources */ = {isa = PBXBuildFile; fileRef = 537A5C5D284C9CBD00185162 /* landmarkData.json */; };
		537A5C60284C9D6700185162 /* Landmark.swift in Sources */ = {isa = PBXBuildFile; fileRef = 537A5C5F284C9D6700185162 /* Landmark.swift */; };
		537A5C62284CA10300185162 /* ModelData.swift in Sources */ = {isa = PBXBuildFile; fileRef = 537A5C61284CA10300185162 /* ModelData.swift */; };
		537C8E16284C68CA0091D6FB /* LandmarksApp.swift in Sources */ = {isa = PBXBuildFile; fileRef = 537C8E15284C68CA0091D6FB /* LandmarksApp.swift */; };
		537C8E18284C68CA0091D6FB /* ContentView.swift in Sources */ = {isa = PBXBuildFile; fileRef = 537C8E17284C68CA0091D6FB /* ContentView.swift */; };
		537C8E1A284C68CA0091D6FB /* Assets.xcassets in Resources */ = {isa = PBXBuildFile; fileRef = 537C8E19284C68CA0091D6FB /* Assets.xcassets */; };
		537C8E1D284C68CA0091D6FB /* Preview Assets.xcassets in Resources */ = {isa = PBXBuildFile; fileRef = 537C8E1C284C68CA0091D6FB /* Preview Assets.xcassets */; };
		537C8E27284C68CA0091D6FB /* LandmarksTests.swift in Sources */ = {isa = PBXBuildFile; fileRef = 537C8E26284C68CA0091D6FB /* LandmarksTests.swift */; };
		537C8E31284C68CA0091D6FB /* LandmarksUITests.swift in Sources */ = {isa = PBXBuildFile; fileRef = 537C8E30284C68CA0091D6FB /* LandmarksUITests.swift */; };
		537C8E33284C68CA0091D6FB /* LandmarksUITestsLaunchTests.swift in Sources */ = {isa = PBXBuildFile; fileRef = 537C8E32284C68CA0091D6FB /* LandmarksUITestsLaunchTests.swift */; };
		537C8E40284C91490091D6FB /* CircleImage.swift in Sources */ = {isa = PBXBuildFile; fileRef = 537C8E3F284C91490091D6FB /* CircleImage.swift */; };
		537C8E42284C93860091D6FB /* MapView.swift in Sources */ = {isa = PBXBuildFile; fileRef = 537C8E41284C93860091D6FB /* MapView.swift */; };
		53B0FED8284DA82800F1F2C8 /* LandmarkRow.swift in Sources */ = {isa = PBXBuildFile; fileRef = 53B0FED7284DA82800F1F2C8 /* LandmarkRow.swift */; };
		53B0FEDA284DABB900F1F2C8 /* LandmarkList.swift in Sources */ = {isa = PBXBuildFile; fileRef = 53B0FED9284DABB900F1F2C8 /* LandmarkList.swift */; };
		53B0FEDC284DAD3600F1F2C8 /* LandmarkDetail.swift in Sources */ = {isa = PBXBuildFile; fileRef = 53B0FEDB284DAD3600F1F2C8 /* LandmarkDetail.swift */; };
		53B0FEDE284E3BBB00F1F2C8 /* FavoriteButton.swift in Sources */ = {isa = PBXBuildFile; fileRef = 53B0FEDD284E3BBB00F1F2C8 /* FavoriteButton.swift */; };
		53B0FEE2284E5D1A00F1F2C8 /* HexagonParameters.swift in Sources */ = {isa = PBXBuildFile; fileRef = 53B0FEE1284E5D1A00F1F2C8 /* HexagonParameters.swift */; };
		53B0FEE4284E693500F1F2C8 /* BadgeBackground.swift in Sources */ = {isa = PBXBuildFile; fileRef = 53B0FEE3284E693500F1F2C8 /* BadgeBackground.swift */; };
		53B0FEE6284FB33300F1F2C8 /* BadgeSymbol.swift in Sources */ = {isa = PBXBuildFile; fileRef = 53B0FEE5284FB33300F1F2C8 /* BadgeSymbol.swift */; };
		53B0FEE8284FB6A200F1F2C8 /* RotatedBadgeSymbol.swift in Sources */ = {isa = PBXBuildFile; fileRef = 53B0FEE7284FB6A200F1F2C8 /* RotatedBadgeSymbol.swift */; };
		53B0FEEA284FB92E00F1F2C8 /* Badge.swift in Sources */ = {isa = PBXBuildFile; fileRef = 53B0FEE9284FB92E00F1F2C8 /* Badge.swift */; };
/* End PBXBuildFile section */

/* Begin PBXContainerItemProxy section */
		537C8E23284C68CA0091D6FB /* PBXContainerItemProxy */ = {
			isa = PBXContainerItemProxy;
			containerPortal = 537C8E0A284C68C90091D6FB /* Project object */;
			proxyType = 1;
			remoteGlobalIDString = 537C8E11284C68CA0091D6FB;
			remoteInfo = Landmarks;
		};
		537C8E2D284C68CA0091D6FB /* PBXContainerItemProxy */ = {
			isa = PBXContainerItemProxy;
			containerPortal = 537C8E0A284C68C90091D6FB /* Project object */;
			proxyType = 1;
			remoteGlobalIDString = 537C8E11284C68CA0091D6FB;
			remoteInfo = Landmarks;
		};
/* End PBXContainerItemProxy section */

/* Begin PBXFileReference section */
		537A5C5D284C9CBD00185162 /* landmarkData.json */ = {isa = PBXFileReference; fileEncoding = 4; lastKnownFileType = text.json; path = landmarkData.json; sourceTree = "<group>"; };
		537A5C5F284C9D6700185162 /* Landmark.swift */ = {isa = PBXFileReference; lastKnownFileType = sourcecode.swift; path = Landmark.swift; sourceTree = "<group>"; };
		537A5C61284CA10300185162 /* ModelData.swift */ = {isa = PBXFileReference; lastKnownFileType = sourcecode.swift; path = ModelData.swift; sourceTree = "<group>"; };
		537C8E12284C68CA0091D6FB /* Landmarks.app */ = {isa = PBXFileReference; explicitFileType = wrapper.application; includeInIndex = 0; path = Landmarks.app; sourceTree = BUILT_PRODUCTS_DIR; };
		537C8E15284C68CA0091D6FB /* LandmarksApp.swift */ = {isa = PBXFileReference; lastKnownFileType = sourcecode.swift; path = LandmarksApp.swift; sourceTree = "<group>"; };
		537C8E17284C68CA0091D6FB /* ContentView.swift */ = {isa = PBXFileReference; lastKnownFileType = sourcecode.swift; path = ContentView.swift; sourceTree = "<group>"; };
		537C8E19284C68CA0091D6FB /* Assets.xcassets */ = {isa = PBXFileReference; lastKnownFileType = folder.assetcatalog; path = Assets.xcassets; sourceTree = "<group>"; };
		537C8E1C284C68CA0091D6FB /* Preview Assets.xcassets */ = {isa = PBXFileReference; lastKnownFileType = folder.assetcatalog; path = "Preview Assets.xcassets"; sourceTree = "<group>"; };
		537C8E22284C68CA0091D6FB /* LandmarksTests.xctest */ = {isa = PBXFileReference; explicitFileType = wrapper.cfbundle; includeInIndex = 0; path = LandmarksTests.xctest; sourceTree = BUILT_PRODUCTS_DIR; };
		537C8E26284C68CA0091D6FB /* LandmarksTests.swift */ = {isa = PBXFileReference; lastKnownFileType = sourcecode.swift; path = LandmarksTests.swift; sourceTree = "<group>"; };
		537C8E2C284C68CA0091D6FB /* LandmarksUITests.xctest */ = {isa = PBXFileReference; explicitFileType = wrapper.cfbundle; includeInIndex = 0; path = LandmarksUITests.xctest; sourceTree = BUILT_PRODUCTS_DIR; };
		537C8E30284C68CA0091D6FB /* LandmarksUITests.swift */ = {isa = PBXFileReference; lastKnownFileType = sourcecode.swift; path = LandmarksUITests.swift; sourceTree = "<group>"; };
		537C8E32284C68CA0091D6FB /* LandmarksUITestsLaunchTests.swift */ = {isa = PBXFileReference; lastKnownFileType = sourcecode.swift; path = LandmarksUITestsLaunchTests.swift; sourceTree = "<group>"; };
		537C8E3F284C91490091D6FB /* CircleImage.swift */ = {isa = PBXFileReference; lastKnownFileType = sourcecode.swift; path = CircleImage.swift; sourceTree = "<group>"; };
		537C8E41284C93860091D6FB /* MapView.swift */ = {isa = PBXFileReference; lastKnownFileType = sourcecode.swift; path = MapView.swift; sourceTree = "<group>"; };
		53B0FED7284DA82800F1F2C8 /* LandmarkRow.swift */ = {isa = PBXFileReference; lastKnownFileType = sourcecode.swift; path = LandmarkRow.swift; sourceTree = "<group>"; };
		53B0FED9284DABB900F1F2C8 /* LandmarkList.swift */ = {isa = PBXFileReference; lastKnownFileType = sourcecode.swift; path = LandmarkList.swift; sourceTree = "<group>"; };
		53B0FEDB284DAD3600F1F2C8 /* LandmarkDetail.swift */ = {isa = PBXFileReference; lastKnownFileType = sourcecode.swift; path = LandmarkDetail.swift; sourceTree = "<group>"; };
		53B0FEDD284E3BBB00F1F2C8 /* FavoriteButton.swift */ = {isa = PBXFileReference; lastKnownFileType = sourcecode.swift; path = FavoriteButton.swift; sourceTree = "<group>"; };
		53B0FEE1284E5D1A00F1F2C8 /* HexagonParameters.swift */ = {isa = PBXFileReference; lastKnownFileType = sourcecode.swift; path = HexagonParameters.swift; sourceTree = "<group>"; };
		53B0FEE3284E693500F1F2C8 /* BadgeBackground.swift */ = {isa = PBXFileReference; lastKnownFileType = sourcecode.swift; path = BadgeBackground.swift; sourceTree = "<group>"; };
		53B0FEE5284FB33300F1F2C8 /* BadgeSymbol.swift */ = {isa = PBXFileReference; lastKnownFileType = sourcecode.swift; path = BadgeSymbol.swift; sourceTree = "<group>"; };
		53B0FEE7284FB6A200F1F2C8 /* RotatedBadgeSymbol.swift */ = {isa = PBXFileReference; lastKnownFileType = sourcecode.swift; path = RotatedBadgeSymbol.swift; sourceTree = "<group>"; };
		53B0FEE9284FB92E00F1F2C8 /* Badge.swift */ = {isa = PBXFileReference; lastKnownFileType = sourcecode.swift; path = Badge.swift; sourceTree = "<group>"; };
/* End PBXFileReference section */

/* Begin PBXFrameworksBuildPhase section */
		537C8E0F284C68CA0091D6FB /* Frameworks */ = {
			isa = PBXFrameworksBuildPhase;
			buildActionMask = 2147483647;
			files = (
			);
			runOnlyForDeploymentPostprocessing = 0;
		};
		537C8E1F284C68CA0091D6FB /* Frameworks */ = {
			isa = PBXFrameworksBuildPhase;
			buildActionMask = 2147483647;
			files = (
			);
			runOnlyForDeploymentPostprocessing = 0;
		};
		537C8E29284C68CA0091D6FB /* Frameworks */ = {
			isa = PBXFrameworksBuildPhase;
			buildActionMask = 2147483647;
			files = (
			);
			runOnlyForDeploymentPostprocessing = 0;
		};
/* End PBXFrameworksBuildPhase section */

/* Begin PBXGroup section */
		537C8E09284C68C90091D6FB = {
			isa = PBXGroup;
			children = (
				537C8E14284C68CA0091D6FB /* Landmarks */,
				537C8E25284C68CA0091D6FB /* LandmarksTests */,
				537C8E2F284C68CA0091D6FB /* LandmarksUITests */,
				537C8E13284C68CA0091D6FB /* Products */,
			);
			sourceTree = "<group>";
		};
		537C8E13284C68CA0091D6FB /* Products */ = {
			isa = PBXGroup;
			children = (
				537C8E12284C68CA0091D6FB /* Landmarks.app */,
				537C8E22284C68CA0091D6FB /* LandmarksTests.xctest */,
				537C8E2C284C68CA0091D6FB /* LandmarksUITests.xctest */,
			);
			name = Products;
			sourceTree = "<group>";
		};
		537C8E14284C68CA0091D6FB /* Landmarks */ = {
			isa = PBXGroup;
			children = (
				537C8E15284C68CA0091D6FB /* LandmarksApp.swift */,
				53B0FED4284DA74600F1F2C8 /* Views */,
				53B0FED5284DA76600F1F2C8 /* Model */,
				53B0FED6284DA77300F1F2C8 /* Resources */,
				537C8E19284C68CA0091D6FB /* Assets.xcassets */,
				537C8E1B284C68CA0091D6FB /* Preview Content */,
			);
			path = Landmarks;
			sourceTree = "<group>";
		};
		537C8E1B284C68CA0091D6FB /* Preview Content */ = {
			isa = PBXGroup;
			children = (
				537C8E1C284C68CA0091D6FB /* Preview Assets.xcassets */,
			);
			path = "Preview Content";
			sourceTree = "<group>";
		};
		537C8E25284C68CA0091D6FB /* LandmarksTests */ = {
			isa = PBXGroup;
			children = (
				537C8E26284C68CA0091D6FB /* LandmarksTests.swift */,
			);
			path = LandmarksTests;
			sourceTree = "<group>";
		};
		537C8E2F284C68CA0091D6FB /* LandmarksUITests */ = {
			isa = PBXGroup;
			children = (
				537C8E30284C68CA0091D6FB /* LandmarksUITests.swift */,
				537C8E32284C68CA0091D6FB /* LandmarksUITestsLaunchTests.swift */,
			);
			path = LandmarksUITests;
			sourceTree = "<group>";
		};
		53B0FED4284DA74600F1F2C8 /* Views */ = {
			isa = PBXGroup;
			children = (
				537C8E17284C68CA0091D6FB /* ContentView.swift */,
				53B0FEEB284FBAD700F1F2C8 /* Badges */,
				53B0FEDF284E3C4500F1F2C8 /* Landmarks */,
				53B0FEE0284E3C5400F1F2C8 /* Helpers */,
			);
			path = Views;
			sourceTree = "<group>";
		};
		53B0FED5284DA76600F1F2C8 /* Model */ = {
			isa = PBXGroup;
			children = (
				537A5C5F284C9D6700185162 /* Landmark.swift */,
				537A5C61284CA10300185162 /* ModelData.swift */,
			);
			path = Model;
			sourceTree = "<group>";
		};
		53B0FED6284DA77300F1F2C8 /* Resources */ = {
			isa = PBXGroup;
			children = (
				537A5C5D284C9CBD00185162 /* landmarkData.json */,
			);
			path = Resources;
			sourceTree = "<group>";
		};
		53B0FEDF284E3C4500F1F2C8 /* Landmarks */ = {
			isa = PBXGroup;
			children = (
				53B0FED7284DA82800F1F2C8 /* LandmarkRow.swift */,
				53B0FED9284DABB900F1F2C8 /* LandmarkList.swift */,
				53B0FEDB284DAD3600F1F2C8 /* LandmarkDetail.swift */,
			);
			path = Landmarks;
			sourceTree = "<group>";
		};
		53B0FEE0284E3C5400F1F2C8 /* Helpers */ = {
			isa = PBXGroup;
			children = (
				537C8E3F284C91490091D6FB /* CircleImage.swift */,
				537C8E41284C93860091D6FB /* MapView.swift */,
				53B0FEDD284E3BBB00F1F2C8 /* FavoriteButton.swift */,
			);
			path = Helpers;
			sourceTree = "<group>";
		};
		53B0FEEB284FBAD700F1F2C8 /* Badges */ = {
			isa = PBXGroup;
			children = (
				53B0FEE1284E5D1A00F1F2C8 /* HexagonParameters.swift */,
				53B0FEE3284E693500F1F2C8 /* BadgeBackground.swift */,
				53B0FEE5284FB33300F1F2C8 /* BadgeSymbol.swift */,
				53B0FEE7284FB6A200F1F2C8 /* RotatedBadgeSymbol.swift */,
				53B0FEE9284FB92E00F1F2C8 /* Badge.swift */,
			);
			path = Badges;
			sourceTree = "<group>";
		};
/* End PBXGroup section */

/* Begin PBXNativeTarget section */
		537C8E11284C68CA0091D6FB /* Landmarks */ = {
			isa = PBXNativeTarget;
			buildConfigurationList = 537C8E36284C68CA0091D6FB /* Build configuration list for PBXNativeTarget "Landmarks" */;
			buildPhases = (
				537C8E0E284C68CA0091D6FB /* Sources */,
				537C8E0F284C68CA0091D6FB /* Frameworks */,
				537C8E10284C68CA0091D6FB /* Resources */,
			);
			buildRules = (
			);
			dependencies = (
			);
			name = Landmarks;
			productName = Landmarks;
			productReference = 537C8E12284C68CA0091D6FB /* Landmarks.app */;
			productType = "com.apple.product-type.application";
		};
		537C8E21284C68CA0091D6FB /* LandmarksTests */ = {
			isa = PBXNativeTarget;
			buildConfigurationList = 537C8E39284C68CA0091D6FB /* Build configuration list for PBXNativeTarget "LandmarksTests" */;
			buildPhases = (
				537C8E1E284C68CA0091D6FB /* Sources */,
				537C8E1F284C68CA0091D6FB /* Frameworks */,
				537C8E20284C68CA0091D6FB /* Resources */,
			);
			buildRules = (
			);
			dependencies = (
				537C8E24284C68CA0091D6FB /* PBXTargetDependency */,
			);
			name = LandmarksTests;
			productName = LandmarksTests;
			productReference = 537C8E22284C68CA0091D6FB /* LandmarksTests.xctest */;
			productType = "com.apple.product-type.bundle.unit-test";
		};
		537C8E2B284C68CA0091D6FB /* LandmarksUITests */ = {
			isa = PBXNativeTarget;
			buildConfigurationList = 537C8E3C284C68CA0091D6FB /* Build configuration list for PBXNativeTarget "LandmarksUITests" */;
			buildPhases = (
				537C8E28284C68CA0091D6FB /* Sources */,
				537C8E29284C68CA0091D6FB /* Frameworks */,
				537C8E2A284C68CA0091D6FB /* Resources */,
			);
			buildRules = (
			);
			dependencies = (
				537C8E2E284C68CA0091D6FB /* PBXTargetDependency */,
			);
			name = LandmarksUITests;
			productName = LandmarksUITests;
			productReference = 537C8E2C284C68CA0091D6FB /* LandmarksUITests.xctest */;
			productType = "com.apple.product-type.bundle.ui-testing";
		};
/* End PBXNativeTarget section */

/* Begin PBXProject section */
		537C8E0A284C68C90091D6FB /* Project object */ = {
			isa = PBXProject;
			attributes = {
				BuildIndependentTargetsInParallel = 1;
				LastSwiftUpdateCheck = 1340;
				LastUpgradeCheck = 1340;
				TargetAttributes = {
					537C8E11284C68CA0091D6FB = {
						CreatedOnToolsVersion = 13.4.1;
					};
					537C8E21284C68CA0091D6FB = {
						CreatedOnToolsVersion = 13.4.1;
						TestTargetID = 537C8E11284C68CA0091D6FB;
					};
					537C8E2B284C68CA0091D6FB = {
						CreatedOnToolsVersion = 13.4.1;
						TestTargetID = 537C8E11284C68CA0091D6FB;
					};
				};
			};
			buildConfigurationList = 537C8E0D284C68C90091D6FB /* Build configuration list for PBXProject "Landmarks" */;
			compatibilityVersion = "Xcode 13.0";
			developmentRegion = en;
			hasScannedForEncodings = 0;
			knownRegions = (
				en,
				Base,
			);
			mainGroup = 537C8E09284C68C90091D6FB;
			productRefGroup = 537C8E13284C68CA0091D6FB /* Products */;
			projectDirPath = "";
			projectRoot = "";
			targets = (
				537C8E11284C68CA0091D6FB /* Landmarks */,
				537C8E21284C68CA0091D6FB /* LandmarksTests */,
				537C8E2B284C68CA0091D6FB /* LandmarksUITests */,
			);
		};
/* End PBXProject section */

/* Begin PBXResourcesBuildPhase section */
		537C8E10284C68CA0091D6FB /* Resources */ = {
			isa = PBXResourcesBuildPhase;
			buildActionMask = 2147483647;
			files = (
				537C8E1D284C68CA0091D6FB /* Preview Assets.xcassets in Resources */,
				537C8E1A284C68CA0091D6FB /* Assets.xcassets in Resources */,
				537A5C5E284C9CBD00185162 /* landmarkData.json in Resources */,
			);
			runOnlyForDeploymentPostprocessing = 0;
		};
		537C8E20284C68CA0091D6FB /* Resources */ = {
			isa = PBXResourcesBuildPhase;
			buildActionMask = 2147483647;
			files = (
			);
			runOnlyForDeploymentPostprocessing = 0;
		};
		537C8E2A284C68CA0091D6FB /* Resources */ = {
			isa = PBXResourcesBuildPhase;
			buildActionMask = 2147483647;
			files = (
			);
			runOnlyForDeploymentPostprocessing = 0;
		};
/* End PBXResourcesBuildPhase section */

/* Begin PBXSourcesBuildPhase section */
		537C8E0E284C68CA0091D6FB /* Sources */ = {
			isa = PBXSourcesBuildPhase;
			buildActionMask = 2147483647;
			files = (
				537C8E18284C68CA0091D6FB /* ContentView.swift in Sources */,
				53B0FEEA284FB92E00F1F2C8 /* Badge.swift in Sources */,
				537C8E42284C93860091D6FB /* MapView.swift in Sources */,
				537C8E16284C68CA0091D6FB /* LandmarksApp.swift in Sources */,
				53B0FEDE284E3BBB00F1F2C8 /* FavoriteButton.swift in Sources */,
				53B0FEE2284E5D1A00F1F2C8 /* HexagonParameters.swift in Sources */,
				53B0FEE8284FB6A200F1F2C8 /* RotatedBadgeSymbol.swift in Sources */,
				53B0FEE6284FB33300F1F2C8 /* BadgeSymbol.swift in Sources */,
				53B0FEDA284DABB900F1F2C8 /* LandmarkList.swift in Sources */,
				53B0FEDC284DAD3600F1F2C8 /* LandmarkDetail.swift in Sources */,
				53B0FEE4284E693500F1F2C8 /* BadgeBackground.swift in Sources */,
				537C8E40284C91490091D6FB /* CircleImage.swift in Sources */,
				537A5C60284C9D6700185162 /* Landmark.swift in Sources */,
				53B0FED8284DA82800F1F2C8 /* LandmarkRow.swift in Sources */,
				537A5C62284CA10300185162 /* ModelData.swift in Sources */,
			);
			runOnlyForDeploymentPostprocessing = 0;
		};
		537C8E1E284C68CA0091D6FB /* Sources */ = {
			isa = PBXSourcesBuildPhase;
			buildActionMask = 2147483647;
			files = (
				537C8E27284C68CA0091D6FB /* LandmarksTests.swift in Sources */,
			);
			runOnlyForDeploymentPostprocessing = 0;
		};
		537C8E28284C68CA0091D6FB /* Sources */ = {
			isa = PBXSourcesBuildPhase;
			buildActionMask = 2147483647;
			files = (
				537C8E33284C68CA0091D6FB /* LandmarksUITestsLaunchTests.swift in Sources */,
				537C8E31284C68CA0091D6FB /* LandmarksUITests.swift in Sources */,
			);
			runOnlyForDeploymentPostprocessing = 0;
		};
/* End PBXSourcesBuildPhase section */

/* Begin PBXTargetDependency section */
		537C8E24284C68CA0091D6FB /* PBXTargetDependency */ = {
			isa = PBXTargetDependency;
			target = 537C8E11284C68CA0091D6FB /* Landmarks */;
			targetProxy = 537C8E23284C68CA0091D6FB /* PBXContainerItemProxy */;
		};
		537C8E2E284C68CA0091D6FB /* PBXTargetDependency */ = {
			isa = PBXTargetDependency;
			target = 537C8E11284C68CA0091D6FB /* Landmarks */;
			targetProxy = 537C8E2D284C68CA0091D6FB /* PBXContainerItemProxy */;
		};
/* End PBXTargetDependency section */

/* Begin XCBuildConfiguration section */
		537C8E34284C68CA0091D6FB /* Debug */ = {
			isa = XCBuildConfiguration;
			buildSettings = {
				ALWAYS_SEARCH_USER_PATHS = NO;
				CLANG_ANALYZER_NONNULL = YES;
				CLANG_ANALYZER_NUMBER_OBJECT_CONVERSION = YES_AGGRESSIVE;
				CLANG_CXX_LANGUAGE_STANDARD = "gnu++17";
				CLANG_ENABLE_MODULES = YES;
				CLANG_ENABLE_OBJC_ARC = YES;
				CLANG_ENABLE_OBJC_WEAK = YES;
				CLANG_WARN_BLOCK_CAPTURE_AUTORELEASING = YES;
				CLANG_WARN_BOOL_CONVERSION = YES;
				CLANG_WARN_COMMA = YES;
				CLANG_WARN_CONSTANT_CONVERSION = YES;
				CLANG_WARN_DEPRECATED_OBJC_IMPLEMENTATIONS = YES;
				CLANG_WARN_DIRECT_OBJC_ISA_USAGE = YES_ERROR;
				CLANG_WARN_DOCUMENTATION_COMMENTS = YES;
				CLANG_WARN_EMPTY_BODY = YES;
				CLANG_WARN_ENUM_CONVERSION = YES;
				CLANG_WARN_INFINITE_RECURSION = YES;
				CLANG_WARN_INT_CONVERSION = YES;
				CLANG_WARN_NON_LITERAL_NULL_CONVERSION = YES;
				CLANG_WARN_OBJC_IMPLICIT_RETAIN_SELF = YES;
				CLANG_WARN_OBJC_LITERAL_CONVERSION = YES;
				CLANG_WARN_OBJC_ROOT_CLASS = YES_ERROR;
				CLANG_WARN_QUOTED_INCLUDE_IN_FRAMEWORK_HEADER = YES;
				CLANG_WARN_RANGE_LOOP_ANALYSIS = YES;
				CLANG_WARN_STRICT_PROTOTYPES = YES;
				CLANG_WARN_SUSPICIOUS_MOVE = YES;
				CLANG_WARN_UNGUARDED_AVAILABILITY = YES_AGGRESSIVE;
				CLANG_WARN_UNREACHABLE_CODE = YES;
				CLANG_WARN__DUPLICATE_METHOD_MATCH = YES;
				COPY_PHASE_STRIP = NO;
				DEBUG_INFORMATION_FORMAT = dwarf;
				ENABLE_STRICT_OBJC_MSGSEND = YES;
				ENABLE_TESTABILITY = YES;
				GCC_C_LANGUAGE_STANDARD = gnu11;
				GCC_DYNAMIC_NO_PIC = NO;
				GCC_NO_COMMON_BLOCKS = YES;
				GCC_OPTIMIZATION_LEVEL = 0;
				GCC_PREPROCESSOR_DEFINITIONS = (
					"DEBUG=1",
					"$(inherited)",
				);
				GCC_WARN_64_TO_32_BIT_CONVERSION = YES;
				GCC_WARN_ABOUT_RETURN_TYPE = YES_ERROR;
				GCC_WARN_UNDECLARED_SELECTOR = YES;
				GCC_WARN_UNINITIALIZED_AUTOS = YES_AGGRESSIVE;
				GCC_WARN_UNUSED_FUNCTION = YES;
				GCC_WARN_UNUSED_VARIABLE = YES;
				IPHONEOS_DEPLOYMENT_TARGET = 15.5;
				MTL_ENABLE_DEBUG_INFO = INCLUDE_SOURCE;
				MTL_FAST_MATH = YES;
				ONLY_ACTIVE_ARCH = YES;
				SDKROOT = iphoneos;
				SWIFT_ACTIVE_COMPILATION_CONDITIONS = DEBUG;
				SWIFT_OPTIMIZATION_LEVEL = "-Onone";
			};
			name = Debug;
		};
		537C8E35284C68CA0091D6FB /* Release */ = {
			isa = XCBuildConfiguration;
			buildSettings = {
				ALWAYS_SEARCH_USER_PATHS = NO;
				CLANG_ANALYZER_NONNULL = YES;
				CLANG_ANALYZER_NUMBER_OBJECT_CONVERSION = YES_AGGRESSIVE;
				CLANG_CXX_LANGUAGE_STANDARD = "gnu++17";
				CLANG_ENABLE_MODULES = YES;
				CLANG_ENABLE_OBJC_ARC = YES;
				CLANG_ENABLE_OBJC_WEAK = YES;
				CLANG_WARN_BLOCK_CAPTURE_AUTORELEASING = YES;
				CLANG_WARN_BOOL_CONVERSION = YES;
				CLANG_WARN_COMMA = YES;
				CLANG_WARN_CONSTANT_CONVERSION = YES;
				CLANG_WARN_DEPRECATED_OBJC_IMPLEMENTATIONS = YES;
				CLANG_WARN_DIRECT_OBJC_ISA_USAGE = YES_ERROR;
				CLANG_WARN_DOCUMENTATION_COMMENTS = YES;
				CLANG_WARN_EMPTY_BODY = YES;
				CLANG_WARN_ENUM_CONVERSION = YES;
				CLANG_WARN_INFINITE_RECURSION = YES;
				CLANG_WARN_INT_CONVERSION = YES;
				CLANG_WARN_NON_LITERAL_NULL_CONVERSION = YES;
				CLANG_WARN_OBJC_IMPLICIT_RETAIN_SELF = YES;
				CLANG_WARN_OBJC_LITERAL_CONVERSION = YES;
				CLANG_WARN_OBJC_ROOT_CLASS = YES_ERROR;
				CLANG_WARN_QUOTED_INCLUDE_IN_FRAMEWORK_HEADER = YES;
				CLANG_WARN_RANGE_LOOP_ANALYSIS = YES;
				CLANG_WARN_STRICT_PROTOTYPES = YES;
				CLANG_WARN_SUSPICIOUS_MOVE = YES;
				CLANG_WARN_UNGUARDED_AVAILABILITY = YES_AGGRESSIVE;
				CLANG_WARN_UNREACHABLE_CODE = YES;
				CLANG_WARN__DUPLICATE_METHOD_MATCH = YES;
				COPY_PHASE_STRIP = NO;
				DEBUG_INFORMATION_FORMAT = "dwarf-with-dsym";
				ENABLE_NS_ASSERTIONS = NO;
				ENABLE_STRICT_OBJC_MSGSEND = YES;
				GCC_C_LANGUAGE_STANDARD = gnu11;
				GCC_NO_COMMON_BLOCKS = YES;
				GCC_WARN_64_TO_32_BIT_CONVERSION = YES;
				GCC_WARN_ABOUT_RETURN_TYPE = YES_ERROR;
				GCC_WARN_UNDECLARED_SELECTOR = YES;
				GCC_WARN_UNINITIALIZED_AUTOS = YES_AGGRESSIVE;
				GCC_WARN_UNUSED_FUNCTION = YES;
				GCC_WARN_UNUSED_VARIABLE = YES;
				IPHONEOS_DEPLOYMENT_TARGET = 15.5;
				MTL_ENABLE_DEBUG_INFO = NO;
				MTL_FAST_MATH = YES;
				SDKROOT = iphoneos;
				SWIFT_COMPILATION_MODE = wholemodule;
				SWIFT_OPTIMIZATION_LEVEL = "-O";
				VALIDATE_PRODUCT = YES;
			};
			name = Release;
		};
		537C8E37284C68CA0091D6FB /* Debug */ = {
			isa = XCBuildConfiguration;
			buildSettings = {
				ASSETCATALOG_COMPILER_APPICON_NAME = AppIcon;
				ASSETCATALOG_COMPILER_GLOBAL_ACCENT_COLOR_NAME = AccentColor;
				CODE_SIGN_STYLE = Automatic;
				CURRENT_PROJECT_VERSION = 1;
				DEVELOPMENT_ASSET_PATHS = "\"Landmarks/Preview Content\"";
				DEVELOPMENT_TEAM = 7YUJ95KCUR;
				ENABLE_PREVIEWS = YES;
				GENERATE_INFOPLIST_FILE = YES;
				INFOPLIST_KEY_UIApplicationSceneManifest_Generation = YES;
				INFOPLIST_KEY_UIApplicationSupportsIndirectInputEvents = YES;
				INFOPLIST_KEY_UILaunchScreen_Generation = YES;
				INFOPLIST_KEY_UISupportedInterfaceOrientations_iPad = "UIInterfaceOrientationPortrait UIInterfaceOrientationPortraitUpsideDown UIInterfaceOrientationLandscapeLeft UIInterfaceOrientationLandscapeRight";
				INFOPLIST_KEY_UISupportedInterfaceOrientations_iPhone = "UIInterfaceOrientationPortrait UIInterfaceOrientationLandscapeLeft UIInterfaceOrientationLandscapeRight";
				LD_RUNPATH_SEARCH_PATHS = (
					"$(inherited)",
					"@executable_path/Frameworks",
				);
				MARKETING_VERSION = 1.0;
				PRODUCT_BUNDLE_IDENTIFIER = ca.nathanyeung.Landmarks;
				PRODUCT_NAME = "$(TARGET_NAME)";
				SWIFT_EMIT_LOC_STRINGS = YES;
				SWIFT_VERSION = 5.0;
				TARGETED_DEVICE_FAMILY = "1,2";
			};
			name = Debug;
		};
		537C8E38284C68CA0091D6FB /* Release */ = {
			isa = XCBuildConfiguration;
			buildSettings = {
				ASSETCATALOG_COMPILER_APPICON_NAME = AppIcon;
				ASSETCATALOG_COMPILER_GLOBAL_ACCENT_COLOR_NAME = AccentColor;
				CODE_SIGN_STYLE = Automatic;
				CURRENT_PROJECT_VERSION = 1;
				DEVELOPMENT_ASSET_PATHS = "\"Landmarks/Preview Content\"";
				DEVELOPMENT_TEAM = 7YUJ95KCUR;
				ENABLE_PREVIEWS = YES;
				GENERATE_INFOPLIST_FILE = YES;
				INFOPLIST_KEY_UIApplicationSceneManifest_Generation = YES;
				INFOPLIST_KEY_UIApplicationSupportsIndirectInputEvents = YES;
				INFOPLIST_KEY_UILaunchScreen_Generation = YES;
				INFOPLIST_KEY_UISupportedInterfaceOrientations_iPad = "UIInterfaceOrientationPortrait UIInterfaceOrientationPortraitUpsideDown UIInterfaceOrientationLandscapeLeft UIInterfaceOrientationLandscapeRight";
				INFOPLIST_KEY_UISupportedInterfaceOrientations_iPhone = "UIInterfaceOrientationPortrait UIInterfaceOrientationLandscapeLeft UIInterfaceOrientationLandscapeRight";
				LD_RUNPATH_SEARCH_PATHS = (
					"$(inherited)",
					"@executable_path/Frameworks",
				);
				MARKETING_VERSION = 1.0;
				PRODUCT_BUNDLE_IDENTIFIER = ca.nathanyeung.Landmarks;
				PRODUCT_NAME = "$(TARGET_NAME)";
				SWIFT_EMIT_LOC_STRINGS = YES;
				SWIFT_VERSION = 5.0;
				TARGETED_DEVICE_FAMILY = "1,2";
			};
			name = Release;
		};
		537C8E3A284C68CA0091D6FB /* Debug */ = {
			isa = XCBuildConfiguration;
			buildSettings = {
				ALWAYS_EMBED_SWIFT_STANDARD_LIBRARIES = YES;
				BUNDLE_LOADER = "$(TEST_HOST)";
				CODE_SIGN_STYLE = Automatic;
				CURRENT_PROJECT_VERSION = 1;
				GENERATE_INFOPLIST_FILE = YES;
				IPHONEOS_DEPLOYMENT_TARGET = 15.5;
				MARKETING_VERSION = 1.0;
				PRODUCT_BUNDLE_IDENTIFIER = ca.nathanyeung.LandmarksTests;
				PRODUCT_NAME = "$(TARGET_NAME)";
				SWIFT_EMIT_LOC_STRINGS = NO;
				SWIFT_VERSION = 5.0;
				TARGETED_DEVICE_FAMILY = "1,2";
				TEST_HOST = "$(BUILT_PRODUCTS_DIR)/Landmarks.app/Landmarks";
			};
			name = Debug;
		};
		537C8E3B284C68CA0091D6FB /* Release */ = {
			isa = XCBuildConfiguration;
			buildSettings = {
				ALWAYS_EMBED_SWIFT_STANDARD_LIBRARIES = YES;
				BUNDLE_LOADER = "$(TEST_HOST)";
				CODE_SIGN_STYLE = Automatic;
				CURRENT_PROJECT_VERSION = 1;
				GENERATE_INFOPLIST_FILE = YES;
				IPHONEOS_DEPLOYMENT_TARGET = 15.5;
				MARKETING_VERSION = 1.0;
				PRODUCT_BUNDLE_IDENTIFIER = ca.nathanyeung.LandmarksTests;
				PRODUCT_NAME = "$(TARGET_NAME)";
				SWIFT_EMIT_LOC_STRINGS = NO;
				SWIFT_VERSION = 5.0;
				TARGETED_DEVICE_FAMILY = "1,2";
				TEST_HOST = "$(BUILT_PRODUCTS_DIR)/Landmarks.app/Landmarks";
			};
			name = Release;
		};
		537C8E3D284C68CA0091D6FB /* Debug */ = {
			isa = XCBuildConfiguration;
			buildSettings = {
				ALWAYS_EMBED_SWIFT_STANDARD_LIBRARIES = YES;
				CODE_SIGN_STYLE = Automatic;
				CURRENT_PROJECT_VERSION = 1;
				GENERATE_INFOPLIST_FILE = YES;
				MARKETING_VERSION = 1.0;
				PRODUCT_BUNDLE_IDENTIFIER = ca.nathanyeung.LandmarksUITests;
				PRODUCT_NAME = "$(TARGET_NAME)";
				SWIFT_EMIT_LOC_STRINGS = NO;
				SWIFT_VERSION = 5.0;
				TARGETED_DEVICE_FAMILY = "1,2";
				TEST_TARGET_NAME = Landmarks;
			};
			name = Debug;
		};
		537C8E3E284C68CA0091D6FB /* Release */ = {
			isa = XCBuildConfiguration;
			buildSettings = {
				ALWAYS_EMBED_SWIFT_STANDARD_LIBRARIES = YES;
				CODE_SIGN_STYLE = Automatic;
				CURRENT_PROJECT_VERSION = 1;
				GENERATE_INFOPLIST_FILE = YES;
				MARKETING_VERSION = 1.0;
				PRODUCT_BUNDLE_IDENTIFIER = ca.nathanyeung.LandmarksUITests;
				PRODUCT_NAME = "$(TARGET_NAME)";
				SWIFT_EMIT_LOC_STRINGS = NO;
				SWIFT_VERSION = 5.0;
				TARGETED_DEVICE_FAMILY = "1,2";
				TEST_TARGET_NAME = Landmarks;
			};
			name = Release;
		};
/* End XCBuildConfiguration section */

/* Begin XCConfigurationList section */
		537C8E0D284C68C90091D6FB /* Build configuration list for PBXProject "Landmarks" */ = {
			isa = XCConfigurationList;
			buildConfigurations = (
				537C8E34284C68CA0091D6FB /* Debug */,
				537C8E35284C68CA0091D6FB /* Release */,
			);
			defaultConfigurationIsVisible = 0;
			defaultConfigurationName = Release;
		};
		537C8E36284C68CA0091D6FB /* Build configuration list for PBXNativeTarget "Landmarks" */ = {
			isa = XCConfigurationList;
			buildConfigurations = (
				537C8E37284C68CA0091D6FB /* Debug */,
				537C8E38284C68CA0091D6FB /* Release */,
			);
			defaultConfigurationIsVisible = 0;
			defaultConfigurationName = Release;
		};
		537C8E39284C68CA0091D6FB /* Build configuration list for PBXNativeTarget "LandmarksTests" */ = {
			isa = XCConfigurationList;
			buildConfigurations = (
				537C8E3A284C68CA0091D6FB /* Debug */,
				537C8E3B284C68CA0091D6FB /* Release */,
			);
			defaultConfigurationIsVisible = 0;
			defaultConfigurationName = Release;
		};
		537C8E3C284C68CA0091D6FB /* Build configuration list for PBXNativeTarget "LandmarksUITests" */ = {
			isa = XCConfigurationList;
			buildConfigurations = (
				537C8E3D284C68CA0091D6FB /* Debug */,
				537C8E3E284C68CA0091D6FB /* Release */,
			);
			defaultConfigurationIsVisible = 0;
			defaultConfigurationName = Release;
		};
/* End XCConfigurationList section */
	};
	rootObject = 537C8E0A284C68C90091D6FB /* Project object */;
}
